
Microsoft Visual Studio Solution File, Format Version 12.00
# Visual Studio Version 16
VisualStudioVersion = 16.0.29709.97
MinimumVisualStudioVersion = 10.0.40219.1
Project("{FAE04EC0-301F-11D3-BF4B-00C04F79EFBC}") = "DibalscopDemo", "DibalscopDemo\DibalscopDemo.csproj", "{0D306357-28A7-4CBA-8FFF-0C0417A0DB27}"
EndProject
Project("{FAE04EC0-301F-11D3-BF4B-00C04F79EFBC}") = "ClienteDibal", "ClienteDibal\ClienteDibal.csproj", "{A24A60BB-2620-47A2-9472-36BF17C054B6}"
EndProject
Project("{9A19103F-16F7-4668-BE54-9A1E7A4F7556}") = "AdaptadorDibal", "AdaptadorDibal\AdaptadorDibal.csproj", "{AA0AAF4F-93B9-49D7-9AC2-858E1A6BFB44}"
EndProject
Global
	GlobalSection(SolutionConfigurationPlatforms) = preSolution
		Debug|Any CPU = Debug|Any CPU
		Debug|x64 = Debug|x64
		Debug|x86 = Debug|x86
		Release|Any CPU = Release|Any CPU
		Release|x64 = Release|x64
		Release|x86 = Release|x86
	EndGlobalSection
	GlobalSection(ProjectConfigurationPlatforms) = postSolution
		{0D306357-28A7-4CBA-8FFF-0C0417A0DB27}.Debug|Any CPU.ActiveCfg = Debug|Any CPU
		{0D306357-28A7-4CBA-8FFF-0C0417A0DB27}.Debug|Any CPU.Build.0 = Debug|Any CPU
		{0D306357-28A7-4CBA-8FFF-0C0417A0DB27}.Debug|x64.ActiveCfg = Debug|Any CPU
		{0D306357-28A7-4CBA-8FFF-0C0417A0DB27}.Debug|x64.Build.0 = Debug|Any CPU
		{0D306357-28A7-4CBA-8FFF-0C0417A0DB27}.Debug|x86.ActiveCfg = Debug|Any CPU
		{0D306357-28A7-4CBA-8FFF-0C0417A0DB27}.Debug|x86.Build.0 = Debug|Any CPU
		{0D306357-28A7-4CBA-8FFF-0C0417A0DB27}.Release|Any CPU.ActiveCfg = Release|Any CPU
		{0D306357-28A7-4CBA-8FFF-0C0417A0DB27}.Release|Any CPU.Build.0 = Release|Any CPU
		{0D306357-28A7-4CBA-8FFF-0C0417A0DB27}.Release|x64.ActiveCfg = Release|Any CPU
		{0D306357-28A7-4CBA-8FFF-0C0417A0DB27}.Release|x64.Build.0 = Release|Any CPU
		{0D306357-28A7-4CBA-8FFF-0C0417A0DB27}.Release|x86.ActiveCfg = Release|Any CPU
		{0D306357-28A7-4CBA-8FFF-0C0417A0DB27}.Release|x86.Build.0 = Release|Any CPU
		{A24A60BB-2620-47A2-9472-36BF17C054B6}.Debug|Any CPU.ActiveCfg = Debug|Any CPU
		{A24A60BB-2620-47A2-9472-36BF17C054B6}.Debug|Any CPU.Build.0 = Debug|Any CPU
		{A24A60BB-2620-47A2-9472-36BF17C054B6}.Debug|x64.ActiveCfg = Debug|Any CPU
		{A24A60BB-2620-47A2-9472-36BF17C054B6}.Debug|x64.Build.0 = Debug|Any CPU
		{A24A60BB-2620-47A2-9472-36BF17C054B6}.Debug|x86.ActiveCfg = Debug|Any CPU
		{A24A60BB-2620-47A2-9472-36BF17C054B6}.Debug|x86.Build.0 = Debug|Any CPU
		{A24A60BB-2620-47A2-9472-36BF17C054B6}.Release|Any CPU.ActiveCfg = Release|Any CPU
		{A24A60BB-2620-47A2-9472-36BF17C054B6}.Release|Any CPU.Build.0 = Release|Any CPU
		{A24A60BB-2620-47A2-9472-36BF17C054B6}.Release|x64.ActiveCfg = Release|Any CPU
		{A24A60BB-2620-47A2-9472-36BF17C054B6}.Release|x64.Build.0 = Release|Any CPU
		{A24A60BB-2620-47A2-9472-36BF17C054B6}.Release|x86.ActiveCfg = Release|Any CPU
		{A24A60BB-2620-47A2-9472-36BF17C054B6}.Release|x86.Build.0 = Release|Any CPU
		{AA0AAF4F-93B9-49D7-9AC2-858E1A6BFB44}.Debug|Any CPU.ActiveCfg = Debug|Any CPU
		{AA0AAF4F-93B9-49D7-9AC2-858E1A6BFB44}.Debug|Any CPU.Build.0 = Debug|Any CPU
		{AA0AAF4F-93B9-49D7-9AC2-858E1A6BFB44}.Debug|x64.ActiveCfg = Debug|Any CPU
		{AA0AAF4F-93B9-49D7-9AC2-858E1A6BFB44}.Debug|x64.Build.0 = Debug|Any CPU
		{AA0AAF4F-93B9-49D7-9AC2-858E1A6BFB44}.Debug|x86.ActiveCfg = Debug|Any CPU
		{AA0AAF4F-93B9-49D7-9AC2-858E1A6BFB44}.Debug|x86.Build.0 = Debug|Any CPU
		{AA0AAF4F-93B9-49D7-9AC2-858E1A6BFB44}.Release|Any CPU.ActiveCfg = Release|Any CPU
		{AA0AAF4F-93B9-49D7-9AC2-858E1A6BFB44}.Release|Any CPU.Build.0 = Release|Any CPU
		{AA0AAF4F-93B9-49D7-9AC2-858E1A6BFB44}.Release|x64.ActiveCfg = Release|Any CPU
		{AA0AAF4F-93B9-49D7-9AC2-858E1A6BFB44}.Release|x64.Build.0 = Release|Any CPU
		{AA0AAF4F-93B9-49D7-9AC2-858E1A6BFB44}.Release|x86.ActiveCfg = Release|Any CPU
		{AA0AAF4F-93B9-49D7-9AC2-858E1A6BFB44}.Release|x86.Build.0 = Release|Any CPU
	EndGlobalSection
	GlobalSection(SolutionProperties) = preSolution
		HideSolutionNode = FALSE
	EndGlobalSection
	GlobalSection(ExtensibilityGlobals) = postSolution
		SolutionGuid = {D79EBD90-9CC3-4BA7-93B8-E2850041A356}
	EndGlobalSection
EndGlobal
