
Microsoft Visual Studio Solution File, Format Version 12.00
# Visual Studio Version 16
VisualStudioVersion = 16.0.29201.188
MinimumVisualStudioVersion = 10.0.40219.1
Project("{9A19103F-16F7-4668-BE54-9A1E7A4F7556}") = "EFCoreExtensions", "EFCoreExtensions\EFCoreExtensions.csproj", "{C632F924-8D13-4A31-8AF1-813FF9A5A148}"
EndProject
Project("{FAE04EC0-301F-11D3-BF4B-00C04F79EFBC}") = "testEFCoreExtensions", "testEFCoreExtensions\testEFCoreExtensions.csproj", "{B49A4A69-295D-4481-9CCB-21E7DDA049C5}"
EndProject
Global
	GlobalSection(SolutionConfigurationPlatforms) = preSolution
		Debug|Any CPU = Debug|Any CPU
		Release|Any CPU = Release|Any CPU
	EndGlobalSection
	GlobalSection(ProjectConfigurationPlatforms) = postSolution
		{C632F924-8D13-4A31-8AF1-813FF9A5A148}.Debug|Any CPU.ActiveCfg = Debug|Any CPU
		{C632F924-8D13-4A31-8AF1-813FF9A5A148}.Debug|Any CPU.Build.0 = Debug|Any CPU
		{C632F924-8D13-4A31-8AF1-813FF9A5A148}.Release|Any CPU.ActiveCfg = Release|Any CPU
		{C632F924-8D13-4A31-8AF1-813FF9A5A148}.Release|Any CPU.Build.0 = Release|Any CPU
		{B49A4A69-295D-4481-9CCB-21E7DDA049C5}.Debug|Any CPU.ActiveCfg = Debug|Any CPU
		{B49A4A69-295D-4481-9CCB-21E7DDA049C5}.Debug|Any CPU.Build.0 = Debug|Any CPU
		{B49A4A69-295D-4481-9CCB-21E7DDA049C5}.Release|Any CPU.ActiveCfg = Release|Any CPU
		{B49A4A69-295D-4481-9CCB-21E7DDA049C5}.Release|Any CPU.Build.0 = Release|Any CPU
	EndGlobalSection
	GlobalSection(SolutionProperties) = preSolution
		HideSolutionNode = FALSE
	EndGlobalSection
	GlobalSection(ExtensibilityGlobals) = postSolution
		SolutionGuid = {1554C922-F16D-445A-AEFF-44D45709CDE7}
	EndGlobalSection
	GlobalSection(TeamFoundationVersionControl) = preSolution
		SccNumberOfProjects = 3
		SccEnterpriseProvider = {4CA58AB2-18FA-4F8D-95D4-32DDF27D184C}
		SccTeamFoundationServer = https://porcicarnesfuentes.visualstudio.com/
		SccLocalPath0 = .
		SccProjectUniqueName1 = EFCoreExtensions\\EFCoreExtensions.csproj
		SccProjectName1 = EFCoreExtensions
		SccLocalPath1 = EFCoreExtensions
		SccProjectUniqueName2 = testEFCoreExtensions\\testEFCoreExtensions.csproj
		SccProjectName2 = testEFCoreExtensions
		SccLocalPath2 = testEFCoreExtensions
	EndGlobalSection
EndGlobal
